// !$*UTF8*$!
{
	archiveVersion = 1;
	classes = {
	};
	objectVersion = 46;
	objects = {

/* Begin PBXBuildFile section */
		58F42930165D53E800CCC696 /* Default-568h@2x.png in Resources */ = {isa = PBXBuildFile; fileRef = 58F4292D165D53E800CCC696 /* Default-568h@2x.png */; };
		58F42931165D53E800CCC696 /* Default.png in Resources */ = {isa = PBXBuildFile; fileRef = 58F4292E165D53E800CCC696 /* Default.png */; };
		58F42932165D53E800CCC696 /* Default@2x.png in Resources */ = {isa = PBXBuildFile; fileRef = 58F4292F165D53E800CCC696 /* Default@2x.png */; };
		58F4293F165D544500CCC696 /* FOViewController.m in Sources */ = {isa = PBXBuildFile; fileRef = 58F42939165D544500CCC696 /* FOViewController.m */; };
		58F42940165D544500CCC696 /* FOAppDelegate.m in Sources */ = {isa = PBXBuildFile; fileRef = 58F4293B165D544500CCC696 /* FOAppDelegate.m */; };
		58F42943165D548200CCC696 /* FOViewController.xib in Resources */ = {isa = PBXBuildFile; fileRef = 58F42941165D548200CCC696 /* FOViewController.xib */; };
		58F42946165D571A00CCC696 /* FOAccount.m in Sources */ = {isa = PBXBuildFile; fileRef = 58F42945165D571A00CCC696 /* FOAccount.m */; };
		58F42959165D58AB00CCC696 /* FOAccountsService.m in Sources */ = {isa = PBXBuildFile; fileRef = 58F42958165D58AB00CCC696 /* FOAccountsService.m */; };
		58F42962165D591800CCC696 /* JSONKit.m in Sources */ = {isa = PBXBuildFile; fileRef = 58F42961165D591800CCC696 /* JSONKit.m */; settings = {COMPILER_FLAGS = "-fno-objc-arc"; }; };
		58F42964165D598100CCC696 /* subscribedProducts.json in Resources */ = {isa = PBXBuildFile; fileRef = 58F42963165D598100CCC696 /* subscribedProducts.json */; };
		58F4296D165D5C0700CCC696 /* FOAccountViewController.xib in Resources */ = {isa = PBXBuildFile; fileRef = 58F4296B165D5C0700CCC696 /* FOAccountViewController.xib */; };
		58F4296F165D5D2200CCC696 /* FOAccountViewController.m in Sources */ = {isa = PBXBuildFile; fileRef = 58F4296E165D5D2200CCC696 /* FOAccountViewController.m */; };
		58F42977165D5E3600CCC696 /* FOAccountsViewController.m in Sources */ = {isa = PBXBuildFile; fileRef = 58F42975165D5E3600CCC696 /* FOAccountsViewController.m */; };
		58F42978165D5E3600CCC696 /* FOAccountsViewController.xib in Resources */ = {isa = PBXBuildFile; fileRef = 58F42976165D5E3600CCC696 /* FOAccountsViewController.xib */; };
		58F646F1165D5114009509F7 /* UIKit.framework in Frameworks */ = {isa = PBXBuildFile; fileRef = 58F646F0165D5114009509F7 /* UIKit.framework */; };
		58F646F3165D5114009509F7 /* Foundation.framework in Frameworks */ = {isa = PBXBuildFile; fileRef = 58F646F2165D5114009509F7 /* Foundation.framework */; };
		58F646F5165D5114009509F7 /* CoreGraphics.framework in Frameworks */ = {isa = PBXBuildFile; fileRef = 58F646F4165D5114009509F7 /* CoreGraphics.framework */; };
		58F646FB165D5114009509F7 /* InfoPlist.strings in Resources */ = {isa = PBXBuildFile; fileRef = 58F646F9165D5114009509F7 /* InfoPlist.strings */; };
		58F646FD165D5114009509F7 /* main.m in Sources */ = {isa = PBXBuildFile; fileRef = 58F646FC165D5114009509F7 /* main.m */; };
		58F64715165D5114009509F7 /* SenTestingKit.framework in Frameworks */ = {isa = PBXBuildFile; fileRef = 58F64714165D5114009509F7 /* SenTestingKit.framework */; };
		58F64716165D5114009509F7 /* UIKit.framework in Frameworks */ = {isa = PBXBuildFile; fileRef = 58F646F0165D5114009509F7 /* UIKit.framework */; };
		58F64717165D5114009509F7 /* Foundation.framework in Frameworks */ = {isa = PBXBuildFile; fileRef = 58F646F2165D5114009509F7 /* Foundation.framework */; };
		58F6471F165D5114009509F7 /* InfoPlist.strings in Resources */ = {isa = PBXBuildFile; fileRef = 58F6471D165D5114009509F7 /* InfoPlist.strings */; };
		58F64722165D5114009509F7 /* Formation1Tests.m in Sources */ = {isa = PBXBuildFile; fileRef = 58F64721165D5114009509F7 /* Formation1Tests.m */; };
/* End PBXBuildFile section */

/* Begin PBXContainerItemProxy section */
		58F64718165D5114009509F7 /* PBXContainerItemProxy */ = {
			isa = PBXContainerItemProxy;
			containerPortal = 58F646E3165D5114009509F7 /* Project object */;
			proxyType = 1;
			remoteGlobalIDString = 58F646EB165D5114009509F7;
			remoteInfo = Formation1;
		};
/* End PBXContainerItemProxy section */

/* Begin PBXFileReference section */
		58F4292D165D53E800CCC696 /* Default-568h@2x.png */ = {isa = PBXFileReference; lastKnownFileType = image.png; path = "Default-568h@2x.png"; sourceTree = "<group>"; };
		58F4292E165D53E800CCC696 /* Default.png */ = {isa = PBXFileReference; lastKnownFileType = image.png; path = Default.png; sourceTree = "<group>"; };
		58F4292F165D53E800CCC696 /* Default@2x.png */ = {isa = PBXFileReference; lastKnownFileType = image.png; path = "Default@2x.png"; sourceTree = "<group>"; };
		58F42938165D544500CCC696 /* FOViewController.h */ = {isa = PBXFileReference; fileEncoding = 4; lastKnownFileType = sourcecode.c.h; path = FOViewController.h; sourceTree = "<group>"; };
		58F42939165D544500CCC696 /* FOViewController.m */ = {isa = PBXFileReference; fileEncoding = 4; lastKnownFileType = sourcecode.c.objc; path = FOViewController.m; sourceTree = "<group>"; };
		58F4293A165D544500CCC696 /* FOAppDelegate.h */ = {isa = PBXFileReference; fileEncoding = 4; lastKnownFileType = sourcecode.c.h; path = FOAppDelegate.h; sourceTree = "<group>"; };
		58F4293B165D544500CCC696 /* FOAppDelegate.m */ = {isa = PBXFileReference; fileEncoding = 4; lastKnownFileType = sourcecode.c.objc; path = FOAppDelegate.m; sourceTree = "<group>"; };
		58F42942165D548200CCC696 /* en */ = {isa = PBXFileReference; lastKnownFileType = file.xib; name = en; path = en.lproj/FOViewController.xib; sourceTree = "<group>"; };
		58F42944165D571A00CCC696 /* FOAccount.h */ = {isa = PBXFileReference; fileEncoding = 4; lastKnownFileType = sourcecode.c.h; path = FOAccount.h; sourceTree = "<group>"; };
		58F42945165D571A00CCC696 /* FOAccount.m */ = {isa = PBXFileReference; fileEncoding = 4; lastKnownFileType = sourcecode.c.objc; path = FOAccount.m; sourceTree = "<group>"; };
		58F42957165D58AB00CCC696 /* FOAccountsService.h */ = {isa = PBXFileReference; fileEncoding = 4; lastKnownFileType = sourcecode.c.h; path = FOAccountsService.h; sourceTree = "<group>"; };
		58F42958165D58AB00CCC696 /* FOAccountsService.m */ = {isa = PBXFileReference; fileEncoding = 4; lastKnownFileType = sourcecode.c.objc; path = FOAccountsService.m; sourceTree = "<group>"; };
		58F42960165D591800CCC696 /* JSONKit.h */ = {isa = PBXFileReference; fileEncoding = 4; lastKnownFileType = sourcecode.c.h; path = JSONKit.h; sourceTree = "<group>"; };
		58F42961165D591800CCC696 /* JSONKit.m */ = {isa = PBXFileReference; fileEncoding = 4; lastKnownFileType = sourcecode.c.objc; path = JSONKit.m; sourceTree = "<group>"; };
		58F42963165D598100CCC696 /* subscribedProducts.json */ = {isa = PBXFileReference; fileEncoding = 4; lastKnownFileType = text.json; path = subscribedProducts.json; sourceTree = "<group>"; };
		58F42969165D5C0700CCC696 /* FOAccountViewController.h */ = {isa = PBXFileReference; fileEncoding = 4; lastKnownFileType = sourcecode.c.h; path = FOAccountViewController.h; sourceTree = "<group>"; };
		58F4296B165D5C0700CCC696 /* FOAccountViewController.xib */ = {isa = PBXFileReference; fileEncoding = 4; lastKnownFileType = file.xib; path = FOAccountViewController.xib; sourceTree = "<group>"; };
		58F4296E165D5D2200CCC696 /* FOAccountViewController.m */ = {isa = PBXFileReference; fileEncoding = 4; lastKnownFileType = sourcecode.c.objc; path = FOAccountViewController.m; sourceTree = "<group>"; };
		58F42974165D5E3600CCC696 /* FOAccountsViewController.h */ = {isa = PBXFileReference; fileEncoding = 4; lastKnownFileType = sourcecode.c.h; path = FOAccountsViewController.h; sourceTree = "<group>"; };
		58F42975165D5E3600CCC696 /* FOAccountsViewController.m */ = {isa = PBXFileReference; fileEncoding = 4; lastKnownFileType = sourcecode.c.objc; path = FOAccountsViewController.m; sourceTree = "<group>"; };
		58F42976165D5E3600CCC696 /* FOAccountsViewController.xib */ = {isa = PBXFileReference; fileEncoding = 4; lastKnownFileType = file.xib; path = FOAccountsViewController.xib; sourceTree = "<group>"; };
		58F646EC165D5114009509F7 /* Formation1.app */ = {isa = PBXFileReference; explicitFileType = wrapper.application; includeInIndex = 0; path = Formation1.app; sourceTree = BUILT_PRODUCTS_DIR; };
		58F646F0165D5114009509F7 /* UIKit.framework */ = {isa = PBXFileReference; lastKnownFileType = wrapper.framework; name = UIKit.framework; path = System/Library/Frameworks/UIKit.framework; sourceTree = SDKROOT; };
		58F646F2165D5114009509F7 /* Foundation.framework */ = {isa = PBXFileReference; lastKnownFileType = wrapper.framework; name = Foundation.framework; path = System/Library/Frameworks/Foundation.framework; sourceTree = SDKROOT; };
		58F646F4165D5114009509F7 /* CoreGraphics.framework */ = {isa = PBXFileReference; lastKnownFileType = wrapper.framework; name = CoreGraphics.framework; path = System/Library/Frameworks/CoreGraphics.framework; sourceTree = SDKROOT; };
		58F646F8165D5114009509F7 /* Formation1-Info.plist */ = {isa = PBXFileReference; lastKnownFileType = text.plist.xml; path = "Formation1-Info.plist"; sourceTree = "<group>"; };
		58F646FA165D5114009509F7 /* en */ = {isa = PBXFileReference; lastKnownFileType = text.plist.strings; name = en; path = en.lproj/InfoPlist.strings; sourceTree = "<group>"; };
		58F646FC165D5114009509F7 /* main.m */ = {isa = PBXFileReference; lastKnownFileType = sourcecode.c.objc; path = main.m; sourceTree = "<group>"; };
		58F646FE165D5114009509F7 /* Formation1-Prefix.pch */ = {isa = PBXFileReference; lastKnownFileType = sourcecode.c.h; path = "Formation1-Prefix.pch"; sourceTree = "<group>"; };
		58F64713165D5114009509F7 /* Formation1Tests.octest */ = {isa = PBXFileReference; explicitFileType = wrapper.cfbundle; includeInIndex = 0; path = Formation1Tests.octest; sourceTree = BUILT_PRODUCTS_DIR; };
		58F64714165D5114009509F7 /* SenTestingKit.framework */ = {isa = PBXFileReference; lastKnownFileType = wrapper.framework; name = SenTestingKit.framework; path = Library/Frameworks/SenTestingKit.framework; sourceTree = DEVELOPER_DIR; };
		58F6471C165D5114009509F7 /* Formation1Tests-Info.plist */ = {isa = PBXFileReference; lastKnownFileType = text.plist.xml; path = "Formation1Tests-Info.plist"; sourceTree = "<group>"; };
		58F6471E165D5114009509F7 /* en */ = {isa = PBXFileReference; lastKnownFileType = text.plist.strings; name = en; path = en.lproj/InfoPlist.strings; sourceTree = "<group>"; };
		58F64720165D5114009509F7 /* Formation1Tests.h */ = {isa = PBXFileReference; lastKnownFileType = sourcecode.c.h; path = Formation1Tests.h; sourceTree = "<group>"; };
		58F64721165D5114009509F7 /* Formation1Tests.m */ = {isa = PBXFileReference; lastKnownFileType = sourcecode.c.objc; path = Formation1Tests.m; sourceTree = "<group>"; };
/* End PBXFileReference section */

/* Begin PBXFrameworksBuildPhase section */
		58F646E9165D5114009509F7 /* Frameworks */ = {
			isa = PBXFrameworksBuildPhase;
			buildActionMask = 2147483647;
			files = (
				58F646F1165D5114009509F7 /* UIKit.framework in Frameworks */,
				58F646F3165D5114009509F7 /* Foundation.framework in Frameworks */,
				58F646F5165D5114009509F7 /* CoreGraphics.framework in Frameworks */,
			);
			runOnlyForDeploymentPostprocessing = 0;
		};
		58F6470F165D5114009509F7 /* Frameworks */ = {
			isa = PBXFrameworksBuildPhase;
			buildActionMask = 2147483647;
			files = (
				58F64715165D5114009509F7 /* SenTestingKit.framework in Frameworks */,
				58F64716165D5114009509F7 /* UIKit.framework in Frameworks */,
				58F64717165D5114009509F7 /* Foundation.framework in Frameworks */,
			);
			runOnlyForDeploymentPostprocessing = 0;
		};
/* End PBXFrameworksBuildPhase section */

/* Begin PBXGroup section */
		58F42925165D534D00CCC696 /* Resources */ = {
			isa = PBXGroup;
			children = (
				58F42963165D598100CCC696 /* subscribedProducts.json */,
				58F4292D165D53E800CCC696 /* Default-568h@2x.png */,
				58F4292E165D53E800CCC696 /* Default.png */,
				58F4292F165D53E800CCC696 /* Default@2x.png */,
			);
			path = Resources;
			sourceTree = "<group>";
		};
		58F42936165D544500CCC696 /* Classes */ = {
			isa = PBXGroup;
			children = (
				58F4293A165D544500CCC696 /* FOAppDelegate.h */,
				58F4293B165D544500CCC696 /* FOAppDelegate.m */,
				58F42937165D544500CCC696 /* Controllers */,
				58F4293C165D544500CCC696 /* Model */,
				58F4293D165D544500CCC696 /* Services */,
				58F4293E165D544500CCC696 /* Views */,
			);
			path = Classes;
			sourceTree = "<group>";
		};
		58F42937165D544500CCC696 /* Controllers */ = {
			isa = PBXGroup;
			children = (
				58F42969165D5C0700CCC696 /* FOAccountViewController.h */,
				58F4296E165D5D2200CCC696 /* FOAccountViewController.m */,
				58F4296B165D5C0700CCC696 /* FOAccountViewController.xib */,
				58F42938165D544500CCC696 /* FOViewController.h */,
				58F42939165D544500CCC696 /* FOViewController.m */,
				58F42941165D548200CCC696 /* FOViewController.xib */,
				58F42974165D5E3600CCC696 /* FOAccountsViewController.h */,
				58F42975165D5E3600CCC696 /* FOAccountsViewController.m */,
				58F42976165D5E3600CCC696 /* FOAccountsViewController.xib */,
			);
			path = Controllers;
			sourceTree = "<group>";
		};
		58F4293C165D544500CCC696 /* Model */ = {
			isa = PBXGroup;
			children = (
				58F42944165D571A00CCC696 /* FOAccount.h */,
				58F42945165D571A00CCC696 /* FOAccount.m */,
			);
			path = Model;
			sourceTree = "<group>";
		};
		58F4293D165D544500CCC696 /* Services */ = {
			isa = PBXGroup;
			children = (
				58F42957165D58AB00CCC696 /* FOAccountsService.h */,
				58F42958165D58AB00CCC696 /* FOAccountsService.m */,
			);
			path = Services;
			sourceTree = "<group>";
		};
		58F4293E165D544500CCC696 /* Views */ = {
			isa = PBXGroup;
			children = (
			);
			path = Views;
			sourceTree = "<group>";
		};
		58F4295E165D591800CCC696 /* ExternalFrameworks */ = {
			isa = PBXGroup;
			children = (
				58F4295F165D591800CCC696 /* JSONKit */,
			);
			path = ExternalFrameworks;
			sourceTree = "<group>";
		};
		58F4295F165D591800CCC696 /* JSONKit */ = {
			isa = PBXGroup;
			children = (
				58F42960165D591800CCC696 /* JSONKit.h */,
				58F42961165D591800CCC696 /* JSONKit.m */,
			);
			path = JSONKit;
			sourceTree = "<group>";
		};
		58F646E1165D5114009509F7 = {
			isa = PBXGroup;
			children = (
				58F4295E165D591800CCC696 /* ExternalFrameworks */,
				58F646F6165D5114009509F7 /* Formation1 */,
				58F6471A165D5114009509F7 /* Formation1Tests */,
				58F646EF165D5114009509F7 /* Frameworks */,
				58F646ED165D5114009509F7 /* Products */,
			);
			sourceTree = "<group>";
		};
		58F646ED165D5114009509F7 /* Products */ = {
			isa = PBXGroup;
			children = (
				58F646EC165D5114009509F7 /* Formation1.app */,
				58F64713165D5114009509F7 /* Formation1Tests.octest */,
			);
			name = Products;
			sourceTree = "<group>";
		};
		58F646EF165D5114009509F7 /* Frameworks */ = {
			isa = PBXGroup;
			children = (
				58F646F0165D5114009509F7 /* UIKit.framework */,
				58F646F2165D5114009509F7 /* Foundation.framework */,
				58F646F4165D5114009509F7 /* CoreGraphics.framework */,
				58F64714165D5114009509F7 /* SenTestingKit.framework */,
			);
			name = Frameworks;
			sourceTree = "<group>";
		};
		58F646F6165D5114009509F7 /* Formation1 */ = {
			isa = PBXGroup;
			children = (
				58F42936165D544500CCC696 /* Classes */,
				58F42925165D534D00CCC696 /* Resources */,
				58F646F7165D5114009509F7 /* Supporting Files */,
			);
			path = Formation1;
			sourceTree = "<group>";
		};
		58F646F7165D5114009509F7 /* Supporting Files */ = {
			isa = PBXGroup;
			children = (
				58F646F8165D5114009509F7 /* Formation1-Info.plist */,
				58F646F9165D5114009509F7 /* InfoPlist.strings */,
				58F646FC165D5114009509F7 /* main.m */,
				58F646FE165D5114009509F7 /* Formation1-Prefix.pch */,
			);
			name = "Supporting Files";
			sourceTree = "<group>";
		};
		58F6471A165D5114009509F7 /* Formation1Tests */ = {
			isa = PBXGroup;
			children = (
				58F64720165D5114009509F7 /* Formation1Tests.h */,
				58F64721165D5114009509F7 /* Formation1Tests.m */,
				58F6471B165D5114009509F7 /* Supporting Files */,
			);
			path = Formation1Tests;
			sourceTree = "<group>";
		};
		58F6471B165D5114009509F7 /* Supporting Files */ = {
			isa = PBXGroup;
			children = (
				58F6471C165D5114009509F7 /* Formation1Tests-Info.plist */,
				58F6471D165D5114009509F7 /* InfoPlist.strings */,
			);
			name = "Supporting Files";
			sourceTree = "<group>";
		};
/* End PBXGroup section */

/* Begin PBXNativeTarget section */
		58F646EB165D5114009509F7 /* Formation1 */ = {
			isa = PBXNativeTarget;
			buildConfigurationList = 58F64725165D5114009509F7 /* Build configuration list for PBXNativeTarget "Formation1" */;
			buildPhases = (
				58F646E8165D5114009509F7 /* Sources */,
				58F646E9165D5114009509F7 /* Frameworks */,
				58F646EA165D5114009509F7 /* Resources */,
			);
			buildRules = (
			);
			dependencies = (
			);
			name = Formation1;
			productName = Formation1;
			productReference = 58F646EC165D5114009509F7 /* Formation1.app */;
			productType = "com.apple.product-type.application";
		};
		58F64712165D5114009509F7 /* Formation1Tests */ = {
			isa = PBXNativeTarget;
			buildConfigurationList = 58F64728165D5114009509F7 /* Build configuration list for PBXNativeTarget "Formation1Tests" */;
			buildPhases = (
				58F6470E165D5114009509F7 /* Sources */,
				58F6470F165D5114009509F7 /* Frameworks */,
				58F64710165D5114009509F7 /* Resources */,
				58F64711165D5114009509F7 /* ShellScript */,
			);
			buildRules = (
			);
			dependencies = (
				58F64719165D5114009509F7 /* PBXTargetDependency */,
			);
			name = Formation1Tests;
			productName = Formation1Tests;
			productReference = 58F64713165D5114009509F7 /* Formation1Tests.octest */;
			productType = "com.apple.product-type.bundle";
		};
/* End PBXNativeTarget section */

/* Begin PBXProject section */
		58F646E3165D5114009509F7 /* Project object */ = {
			isa = PBXProject;
			attributes = {
				CLASSPREFIX = FO;
				LastUpgradeCheck = 0450;
				ORGANIZATIONNAME = Formation;
			};
			buildConfigurationList = 58F646E6165D5114009509F7 /* Build configuration list for PBXProject "Formation1" */;
			compatibilityVersion = "Xcode 3.2";
			developmentRegion = English;
			hasScannedForEncodings = 0;
			knownRegions = (
				en,
			);
			mainGroup = 58F646E1165D5114009509F7;
			productRefGroup = 58F646ED165D5114009509F7 /* Products */;
			projectDirPath = "";
			projectRoot = "";
			targets = (
				58F646EB165D5114009509F7 /* Formation1 */,
				58F64712165D5114009509F7 /* Formation1Tests */,
			);
		};
/* End PBXProject section */

/* Begin PBXResourcesBuildPhase section */
		58F646EA165D5114009509F7 /* Resources */ = {
			isa = PBXResourcesBuildPhase;
			buildActionMask = 2147483647;
			files = (
				58F646FB165D5114009509F7 /* InfoPlist.strings in Resources */,
				58F42930165D53E800CCC696 /* Default-568h@2x.png in Resources */,
				58F42931165D53E800CCC696 /* Default.png in Resources */,
				58F42932165D53E800CCC696 /* Default@2x.png in Resources */,
				58F42943165D548200CCC696 /* FOViewController.xib in Resources */,
				58F42964165D598100CCC696 /* subscribedProducts.json in Resources */,
				58F4296D165D5C0700CCC696 /* FOAccountViewController.xib in Resources */,
				58F42978165D5E3600CCC696 /* FOAccountsViewController.xib in Resources */,
			);
			runOnlyForDeploymentPostprocessing = 0;
		};
		58F64710165D5114009509F7 /* Resources */ = {
			isa = PBXResourcesBuildPhase;
			buildActionMask = 2147483647;
			files = (
				58F6471F165D5114009509F7 /* InfoPlist.strings in Resources */,
			);
			runOnlyForDeploymentPostprocessing = 0;
		};
/* End PBXResourcesBuildPhase section */

/* Begin PBXShellScriptBuildPhase section */
		58F64711165D5114009509F7 /* ShellScript */ = {
			isa = PBXShellScriptBuildPhase;
			buildActionMask = 2147483647;
			files = (
			);
			inputPaths = (
			);
			outputPaths = (
			);
			runOnlyForDeploymentPostprocessing = 0;
			shellPath = /bin/sh;
			shellScript = "# Run the unit tests in this test bundle.\n\"${SYSTEM_DEVELOPER_DIR}/Tools/RunUnitTests\"\n";
		};
/* End PBXShellScriptBuildPhase section */

/* Begin PBXSourcesBuildPhase section */
		58F646E8165D5114009509F7 /* Sources */ = {
			isa = PBXSourcesBuildPhase;
			buildActionMask = 2147483647;
			files = (
				58F646FD165D5114009509F7 /* main.m in Sources */,
				58F4293F165D544500CCC696 /* FOViewController.m in Sources */,
				58F42940165D544500CCC696 /* FOAppDelegate.m in Sources */,
				58F42946165D571A00CCC696 /* FOAccount.m in Sources */,
				58F42959165D58AB00CCC696 /* FOAccountsService.m in Sources */,
				58F42962165D591800CCC696 /* JSONKit.m in Sources */,
				58F4296F165D5D2200CCC696 /* FOAccountViewController.m in Sources */,
				58F42977165D5E3600CCC696 /* FOAccountsViewController.m in Sources */,
			);
			runOnlyForDeploymentPostprocessing = 0;
		};
		58F6470E165D5114009509F7 /* Sources */ = {
			isa = PBXSourcesBuildPhase;
			buildActionMask = 2147483647;
			files = (
				58F64722165D5114009509F7 /* Formation1Tests.m in Sources */,
			);
			runOnlyForDeploymentPostprocessing = 0;
		};
/* End PBXSourcesBuildPhase section */

/* Begin PBXTargetDependency section */
		58F64719165D5114009509F7 /* PBXTargetDependency */ = {
			isa = PBXTargetDependency;
			target = 58F646EB165D5114009509F7 /* Formation1 */;
			targetProxy = 58F64718165D5114009509F7 /* PBXContainerItemProxy */;
		};
/* End PBXTargetDependency section */

/* Begin PBXVariantGroup section */
		58F42941165D548200CCC696 /* FOViewController.xib */ = {
			isa = PBXVariantGroup;
			children = (
				58F42942165D548200CCC696 /* en */,
			);
			name = FOViewController.xib;
			path = ../..;
			sourceTree = "<group>";
		};
		58F646F9165D5114009509F7 /* InfoPlist.strings */ = {
			isa = PBXVariantGroup;
			children = (
				58F646FA165D5114009509F7 /* en */,
			);
			name = InfoPlist.strings;
			sourceTree = "<group>";
		};
		58F6471D165D5114009509F7 /* InfoPlist.strings */ = {
			isa = PBXVariantGroup;
			children = (
				58F6471E165D5114009509F7 /* en */,
			);
			name = InfoPlist.strings;
			sourceTree = "<group>";
		};
/* End PBXVariantGroup section */

/* Begin XCBuildConfiguration section */
		58F64723165D5114009509F7 /* Debug */ = {
			isa = XCBuildConfiguration;
			buildSettings = {
				ALWAYS_SEARCH_USER_PATHS = NO;
				CLANG_CXX_LANGUAGE_STANDARD = "gnu++0x";
				CLANG_CXX_LIBRARY = "libc++";
				CLANG_ENABLE_OBJC_ARC = YES;
				CLANG_WARN_EMPTY_BODY = YES;
				CLANG_WARN__DUPLICATE_METHOD_MATCH = YES;
				"CODE_SIGN_IDENTITY[sdk=iphoneos*]" = "iPhone Developer";
				COPY_PHASE_STRIP = NO;
				GCC_C_LANGUAGE_STANDARD = gnu99;
				GCC_DYNAMIC_NO_PIC = NO;
				GCC_OPTIMIZATION_LEVEL = 0;
				GCC_PREPROCESSOR_DEFINITIONS = (
					"DEBUG=1",
					"$(inherited)",
				);
				GCC_SYMBOLS_PRIVATE_EXTERN = NO;
				GCC_WARN_ABOUT_RETURN_TYPE = YES;
				GCC_WARN_UNINITIALIZED_AUTOS = YES;
				GCC_WARN_UNUSED_VARIABLE = YES;
				IPHONEOS_DEPLOYMENT_TARGET = 5.0;
				SDKROOT = iphoneos;
			};
			name = Debug;
		};
		58F64724165D5114009509F7 /* Release */ = {
			isa = XCBuildConfiguration;
			buildSettings = {
				ALWAYS_SEARCH_USER_PATHS = NO;
				CLANG_CXX_LANGUAGE_STANDARD = "gnu++0x";
				CLANG_CXX_LIBRARY = "libc++";
				CLANG_ENABLE_OBJC_ARC = YES;
				CLANG_WARN_EMPTY_BODY = YES;
				CLANG_WARN__DUPLICATE_METHOD_MATCH = YES;
				"CODE_SIGN_IDENTITY[sdk=iphoneos*]" = "iPhone Developer";
				COPY_PHASE_STRIP = YES;
				GCC_C_LANGUAGE_STANDARD = gnu99;
				GCC_WARN_ABOUT_RETURN_TYPE = YES;
				GCC_WARN_UNINITIALIZED_AUTOS = YES;
				GCC_WARN_UNUSED_VARIABLE = YES;
				IPHONEOS_DEPLOYMENT_TARGET = 5.0;
				OTHER_CFLAGS = "-DNS_BLOCK_ASSERTIONS=1";
				SDKROOT = iphoneos;
				VALIDATE_PRODUCT = YES;
			};
			name = Release;
		};
		58F64726165D5114009509F7 /* Debug */ = {
			isa = XCBuildConfiguration;
			buildSettings = {
				GCC_PRECOMPILE_PREFIX_HEADER = YES;
				GCC_PREFIX_HEADER = "Formation1/Formation1-Prefix.pch";
				INFOPLIST_FILE = "Formation1/Formation1-Info.plist";
				PRODUCT_NAME = "$(TARGET_NAME)";
				WRAPPER_EXTENSION = app;
			};
			name = Debug;
		};
		58F64727165D5114009509F7 /* Release */ = {
			isa = XCBuildConfiguration;
			buildSettings = {
				GCC_PRECOMPILE_PREFIX_HEADER = YES;
				GCC_PREFIX_HEADER = "Formation1/Formation1-Prefix.pch";
				INFOPLIST_FILE = "Formation1/Formation1-Info.plist";
				PRODUCT_NAME = "$(TARGET_NAME)";
				WRAPPER_EXTENSION = app;
			};
			name = Release;
		};
		58F64729165D5114009509F7 /* Debug */ = {
			isa = XCBuildConfiguration;
			buildSettings = {
				BUNDLE_LOADER = "$(BUILT_PRODUCTS_DIR)/Formation1.app/Formation1";
				FRAMEWORK_SEARCH_PATHS = (
					"\"$(SDKROOT)/Developer/Library/Frameworks\"",
					"\"$(DEVELOPER_LIBRARY_DIR)/Frameworks\"",
				);
				GCC_PRECOMPILE_PREFIX_HEADER = YES;
				GCC_PREFIX_HEADER = "Formation1/Formation1-Prefix.pch";
				INFOPLIST_FILE = "Formation1Tests/Formation1Tests-Info.plist";
				PRODUCT_NAME = "$(TARGET_NAME)";
				TEST_HOST = "$(BUNDLE_LOADER)";
				WRAPPER_EXTENSION = octest;
			};
			name = Debug;
		};
		58F6472A165D5114009509F7 /* Release */ = {
			isa = XCBuildConfiguration;
			buildSettings = {
				BUNDLE_LOADER = "$(BUILT_PRODUCTS_DIR)/Formation1.app/Formation1";
				FRAMEWORK_SEARCH_PATHS = (
					"\"$(SDKROOT)/Developer/Library/Frameworks\"",
					"\"$(DEVELOPER_LIBRARY_DIR)/Frameworks\"",
				);
				GCC_PRECOMPILE_PREFIX_HEADER = YES;
				GCC_PREFIX_HEADER = "Formation1/Formation1-Prefix.pch";
				INFOPLIST_FILE = "Formation1Tests/Formation1Tests-Info.plist";
				PRODUCT_NAME = "$(TARGET_NAME)";
				TEST_HOST = "$(BUNDLE_LOADER)";
				WRAPPER_EXTENSION = octest;
			};
			name = Release;
		};
/* End XCBuildConfiguration section */

/* Begin XCConfigurationList section */
		58F646E6165D5114009509F7 /* Build configuration list for PBXProject "Formation1" */ = {
			isa = XCConfigurationList;
			buildConfigurations = (
				58F64723165D5114009509F7 /* Debug */,
				58F64724165D5114009509F7 /* Release */,
			);
			defaultConfigurationIsVisible = 0;
			defaultConfigurationName = Release;
		};
		58F64725165D5114009509F7 /* Build configuration list for PBXNativeTarget "Formation1" */ = {
			isa = XCConfigurationList;
			buildConfigurations = (
				58F64726165D5114009509F7 /* Debug */,
				58F64727165D5114009509F7 /* Release */,
			);
			defaultConfigurationIsVisible = 0;
			defaultConfigurationName = Release;
		};
		58F64728165D5114009509F7 /* Build configuration list for PBXNativeTarget "Formation1Tests" */ = {
			isa = XCConfigurationList;
			buildConfigurations = (
				58F64729165D5114009509F7 /* Debug */,
				58F6472A165D5114009509F7 /* Release */,
			);
			defaultConfigurationIsVisible = 0;
			defaultConfigurationName = Release;
		};
/* End XCConfigurationList section */
	};
	rootObject = 58F646E3165D5114009509F7 /* Project object */;
}
